{
    "bacon/bacon-qr-code": {
        "version": "2.0.3"
    },
    "dasprid/enum": {
        "version": "1.0.3"
    },
    "dompdf/dompdf": {
        "version": "v0.8.6"
    },
    "endroid/installer": {
        "version": "1.3.0"
    },
    "endroid/qr-code": {
        "version": "3.9.6"
    },
    "endroid/qr-code-bundle": {
        "version": "3.4.3"
    },
    "ezyang/htmlpurifier": {
        "version": "v4.13.0"
    },
    "khanamiryan/qrcode-detector-decoder": {
        "version": "1.0.3"
    },
    "maennchen/zipstream-php": {
        "version": "2.1.0"
    },
    "markbaker/complex": {
        "version": "2.0.0"
    },
    "markbaker/matrix": {
        "version": "2.0.0"
    },
    "myclabs/php-enum": {
        "version": "1.7.6"
    },
    "phenx/php-font-lib": {
        "version": "0.5.2"
    },
    "phenx/php-svg-lib": {
        "version": "v0.3.3"
    },
    "php": {
        "version": "7.4"
    },
    "phpoffice/phpspreadsheet": {
        "version": "1.15.0"
    },
    "psr/http-client": {
        "version": "1.0.1"
    },
    "psr/http-factory": {
        "version": "1.0.1"
    },
    "psr/http-message": {
        "version": "1.0.1"
    },
    "psr/simple-cache": {
        "version": "1.0.1"
    },
    "sabberworm/php-css-parser": {
        "version": "8.3.1"
    },
    "symfony/mime": {
        "version": "v5.1.8"
    },
    "symfony/polyfill-intl-icu": {
        "version": "v1.23.0"
    },
    "symfony/polyfill-intl-idn": {
        "version": "v1.20.0"
    }
}
